// !$*UTF8*$!
{
	archiveVersion = 1;
	classes = {
	};
	objectVersion = 77;
	objects = {

/* Begin PBXBuildFile section */
		6CFAD34F2EE639FB00E4FB1E /* ShareExtension.appex in Embed Foundation Extensions */ = {isa = PBXBuildFile; fileRef = 6CFAD3452EE639FB00E4FB1E /* ShareExtension.appex */; settings = {ATTRIBUTES = (RemoveHeadersOnCopy, ); }; };
/* End PBXBuildFile section */

/* Begin PBXContainerItemProxy section */
		6C7616C82E69B9E60004711E /* PBXContainerItemProxy */ = {
			isa = PBXContainerItemProxy;
			containerPortal = 6C7616B22E69B9E50004711E /* Project object */;
			proxyType = 1;
			remoteGlobalIDString = 6C7616B92E69B9E50004711E;
			remoteInfo = Artsorakel;
		};
		6C7616D22E69B9E60004711E /* PBXContainerItemProxy */ = {
			isa = PBXContainerItemProxy;
			containerPortal = 6C7616B22E69B9E50004711E /* Project object */;
			proxyType = 1;
			remoteGlobalIDString = 6C7616B92E69B9E50004711E;
			remoteInfo = Artsorakel;
		};
		6CFAD34D2EE639FB00E4FB1E /* PBXContainerItemProxy */ = {
			isa = PBXContainerItemProxy;
			containerPortal = 6C7616B22E69B9E50004711E /* Project object */;
			proxyType = 1;
			remoteGlobalIDString = 6CFAD3442EE639FB00E4FB1E;
			remoteInfo = ShareExtension;
		};
/* End PBXContainerItemProxy section */

/* Begin PBXCopyFilesBuildPhase section */
		6CFAD3542EE639FB00E4FB1E /* Embed Foundation Extensions */ = {
			isa = PBXCopyFilesBuildPhase;
			buildActionMask = 2147483647;
			dstPath = "";
			dstSubfolderSpec = 13;
			files = (
				6CFAD34F2EE639FB00E4FB1E /* ShareExtension.appex in Embed Foundation Extensions */,
			);
			name = "Embed Foundation Extensions";
			runOnlyForDeploymentPostprocessing = 0;
		};
/* End PBXCopyFilesBuildPhase section */

/* Begin PBXFileReference section */
		6C7616BA2E69B9E50004711E /* Artsorakel.app */ = {isa = PBXFileReference; explicitFileType = wrapper.application; includeInIndex = 0; path = Artsorakel.app; sourceTree = BUILT_PRODUCTS_DIR; };
		6C7616C72E69B9E60004711E /* ArtsorakelTests.xctest */ = {isa = PBXFileReference; explicitFileType = wrapper.cfbundle; includeInIndex = 0; path = ArtsorakelTests.xctest; sourceTree = BUILT_PRODUCTS_DIR; };
		6C7616D12E69B9E60004711E /* ArtsorakelUITests.xctest */ = {isa = PBXFileReference; explicitFileType = wrapper.cfbundle; includeInIndex = 0; path = ArtsorakelUITests.xctest; sourceTree = BUILT_PRODUCTS_DIR; };
		6CFAD3452EE639FB00E4FB1E /* ShareExtension.appex */ = {isa = PBXFileReference; explicitFileType = "wrapper.app-extension"; includeInIndex = 0; path = ShareExtension.appex; sourceTree = BUILT_PRODUCTS_DIR; };
/* End PBXFileReference section */

/* Begin PBXFileSystemSynchronizedBuildFileExceptionSet section */
		6CFAD3502EE639FB00E4FB1E /* Exceptions for "ShareExtension" folder in "ShareExtension" target */ = {
			isa = PBXFileSystemSynchronizedBuildFileExceptionSet;
			membershipExceptions = (
				Info.plist,
			);
			target = 6CFAD3442EE639FB00E4FB1E /* ShareExtension */;
		};
/* End PBXFileSystemSynchronizedBuildFileExceptionSet section */

/* Begin PBXFileSystemSynchronizedRootGroup section */
		6C7616BC2E69B9E50004711E /* Artsorakel */ = {
			isa = PBXFileSystemSynchronizedRootGroup;
			path = Artsorakel;
			sourceTree = "<group>";
		};
		6C7616CA2E69B9E60004711E /* ArtsorakelTests */ = {
			isa = PBXFileSystemSynchronizedRootGroup;
			path = ArtsorakelTests;
			sourceTree = "<group>";
		};
		6C7616D42E69B9E60004711E /* ArtsorakelUITests */ = {
			isa = PBXFileSystemSynchronizedRootGroup;
			path = ArtsorakelUITests;
			sourceTree = "<group>";
		};
		6CFAD3462EE639FB00E4FB1E /* ShareExtension */ = {
			isa = PBXFileSystemSynchronizedRootGroup;
			exceptions = (
				6CFAD3502EE639FB00E4FB1E /* Exceptions for "ShareExtension" folder in "ShareExtension" target */,
			);
			path = ShareExtension;
			sourceTree = "<group>";
		};
/* End PBXFileSystemSynchronizedRootGroup section */

/* Begin PBXFrameworksBuildPhase section */
		6C7616B72E69B9E50004711E /* Frameworks */ = {
			isa = PBXFrameworksBuildPhase;
			buildActionMask = 2147483647;
			files = (
			);
			runOnlyForDeploymentPostprocessing = 0;
		};
		6C7616C42E69B9E60004711E /* Frameworks */ = {
			isa = PBXFrameworksBuildPhase;
			buildActionMask = 2147483647;
			files = (
			);
			runOnlyForDeploymentPostprocessing = 0;
		};
		6C7616CE2E69B9E60004711E /* Frameworks */ = {
			isa = PBXFrameworksBuildPhase;
			buildActionMask = 2147483647;
			files = (
			);
			runOnlyForDeploymentPostprocessing = 0;
		};
		6CFAD3422EE639FB00E4FB1E /* Frameworks */ = {
			isa = PBXFrameworksBuildPhase;
			buildActionMask = 2147483647;
			files = (
			);
			runOnlyForDeploymentPostprocessing = 0;
		};
/* End PBXFrameworksBuildPhase section */

/* Begin PBXGroup section */
		6C7616B12E69B9E50004711E = {
			isa = PBXGroup;
			children = (
				6C7616BC2E69B9E50004711E /* Artsorakel */,
				6C7616CA2E69B9E60004711E /* ArtsorakelTests */,
				6C7616D42E69B9E60004711E /* ArtsorakelUITests */,
				6CFAD3462EE639FB00E4FB1E /* ShareExtension */,
				6C7616BB2E69B9E50004711E /* Products */,
			);
			sourceTree = "<group>";
		};
		6C7616BB2E69B9E50004711E /* Products */ = {
			isa = PBXGroup;
			children = (
				6C7616BA2E69B9E50004711E /* Artsorakel.app */,
				6C7616C72E69B9E60004711E /* ArtsorakelTests.xctest */,
				6C7616D12E69B9E60004711E /* ArtsorakelUITests.xctest */,
				6CFAD3452EE639FB00E4FB1E /* ShareExtension.appex */,
			);
			name = Products;
			sourceTree = "<group>";
		};
/* End PBXGroup section */

/* Begin PBXNativeTarget section */
		6C7616B92E69B9E50004711E /* Artsorakel */ = {
			isa = PBXNativeTarget;
			buildConfigurationList = 6C7616DB2E69B9E60004711E /* Build configuration list for PBXNativeTarget "Artsorakel" */;
			buildPhases = (
				6C7616B62E69B9E50004711E /* Sources */,
				6C7616B72E69B9E50004711E /* Frameworks */,
				6C7616B82E69B9E50004711E /* Resources */,
				6CFAD3542EE639FB00E4FB1E /* Embed Foundation Extensions */,
			);
			buildRules = (
			);
			dependencies = (
				6CFAD34E2EE639FB00E4FB1E /* PBXTargetDependency */,
			);
			fileSystemSynchronizedGroups = (
				6C7616BC2E69B9E50004711E /* Artsorakel */,
			);
			name = Artsorakel;
			packageProductDependencies = (
			);
			productName = Artsorakel;
			productReference = 6C7616BA2E69B9E50004711E /* Artsorakel.app */;
			productType = "com.apple.product-type.application";
		};
		6C7616C62E69B9E60004711E /* ArtsorakelTests */ = {
			isa = PBXNativeTarget;
			buildConfigurationList = 6C7616DE2E69B9E60004711E /* Build configuration list for PBXNativeTarget "ArtsorakelTests" */;
			buildPhases = (
				6C7616C32E69B9E60004711E /* Sources */,
				6C7616C42E69B9E60004711E /* Frameworks */,
				6C7616C52E69B9E60004711E /* Resources */,
			);
			buildRules = (
			);
			dependencies = (
				6C7616C92E69B9E60004711E /* PBXTargetDependency */,
			);
			fileSystemSynchronizedGroups = (
				6C7616CA2E69B9E60004711E /* ArtsorakelTests */,
			);
			name = ArtsorakelTests;
			packageProductDependencies = (
			);
			productName = ArtsorakelTests;
			productReference = 6C7616C72E69B9E60004711E /* ArtsorakelTests.xctest */;
			productType = "com.apple.product-type.bundle.unit-test";
		};
		6C7616D02E69B9E60004711E /* ArtsorakelUITests */ = {
			isa = PBXNativeTarget;
			buildConfigurationList = 6C7616E12E69B9E60004711E /* Build configuration list for PBXNativeTarget "ArtsorakelUITests" */;
			buildPhases = (
				6C7616CD2E69B9E60004711E /* Sources */,
				6C7616CE2E69B9E60004711E /* Frameworks */,
				6C7616CF2E69B9E60004711E /* Resources */,
			);
			buildRules = (
			);
			dependencies = (
				6C7616D32E69B9E60004711E /* PBXTargetDependency */,
			);
			fileSystemSynchronizedGroups = (
				6C7616D42E69B9E60004711E /* ArtsorakelUITests */,
			);
			name = ArtsorakelUITests;
			packageProductDependencies = (
			);
			productName = ArtsorakelUITests;
			productReference = 6C7616D12E69B9E60004711E /* ArtsorakelUITests.xctest */;
			productType = "com.apple.product-type.bundle.ui-testing";
		};
		6CFAD3442EE639FB00E4FB1E /* ShareExtension */ = {
			isa = PBXNativeTarget;
			buildConfigurationList = 6CFAD3512EE639FB00E4FB1E /* Build configuration list for PBXNativeTarget "ShareExtension" */;
			buildPhases = (
				6CFAD3412EE639FB00E4FB1E /* Sources */,
				6CFAD3422EE639FB00E4FB1E /* Frameworks */,
				6CFAD3432EE639FB00E4FB1E /* Resources */,
			);
			buildRules = (
			);
			dependencies = (
			);
			fileSystemSynchronizedGroups = (
				6CFAD3462EE639FB00E4FB1E /* ShareExtension */,
			);
			name = ShareExtension;
			packageProductDependencies = (
			);
			productName = ShareExtension;
			productReference = 6CFAD3452EE639FB00E4FB1E /* ShareExtension.appex */;
			productType = "com.apple.product-type.app-extension";
		};
/* End PBXNativeTarget section */

/* Begin PBXProject section */
		6C7616B22E69B9E50004711E /* Project object */ = {
			isa = PBXProject;
			attributes = {
				BuildIndependentTargetsInParallel = 1;
				LastSwiftUpdateCheck = 1640;
				LastUpgradeCheck = 1640;
				TargetAttributes = {
					6C7616B92E69B9E50004711E = {
						CreatedOnToolsVersion = 16.4;
					};
					6C7616C62E69B9E60004711E = {
						CreatedOnToolsVersion = 16.4;
						TestTargetID = 6C7616B92E69B9E50004711E;
					};
					6C7616D02E69B9E60004711E = {
						CreatedOnToolsVersion = 16.4;
						TestTargetID = 6C7616B92E69B9E50004711E;
					};
					6CFAD3442EE639FB00E4FB1E = {
						CreatedOnToolsVersion = 16.4;
					};
				};
			};
			buildConfigurationList = 6C7616B52E69B9E50004711E /* Build configuration list for PBXProject "Artsorakel" */;
			developmentRegion = en;
			hasScannedForEncodings = 0;
			knownRegions = (
				en,
				Base,
				nl,
				nn,
				es,
				nb,
				sv,
			);
			mainGroup = 6C7616B12E69B9E50004711E;
			minimizedProjectReferenceProxies = 1;
			preferredProjectObjectVersion = 77;
			productRefGroup = 6C7616BB2E69B9E50004711E /* Products */;
			projectDirPath = "";
			projectRoot = "";
			targets = (
				6C7616B92E69B9E50004711E /* Artsorakel */,
				6C7616C62E69B9E60004711E /* ArtsorakelTests */,
				6C7616D02E69B9E60004711E /* ArtsorakelUITests */,
				6CFAD3442EE639FB00E4FB1E /* ShareExtension */,
			);
		};
/* End PBXProject section */

/* Begin PBXResourcesBuildPhase section */
		6C7616B82E69B9E50004711E /* Resources */ = {
			isa = PBXResourcesBuildPhase;
			buildActionMask = 2147483647;
			files = (
			);
			runOnlyForDeploymentPostprocessing = 0;
		};
		6C7616C52E69B9E60004711E /* Resources */ = {
			isa = PBXResourcesBuildPhase;
			buildActionMask = 2147483647;
			files = (
			);
			runOnlyForDeploymentPostprocessing = 0;
		};
		6C7616CF2E69B9E60004711E /* Resources */ = {
			isa = PBXResourcesBuildPhase;
			buildActionMask = 2147483647;
			files = (
			);
			runOnlyForDeploymentPostprocessing = 0;
		};
		6CFAD3432EE639FB00E4FB1E /* Resources */ = {
			isa = PBXResourcesBuildPhase;
			buildActionMask = 2147483647;
			files = (
			);
			runOnlyForDeploymentPostprocessing = 0;
		};
/* End PBXResourcesBuildPhase section */

/* Begin PBXSourcesBuildPhase section */
		6C7616B62E69B9E50004711E /* Sources */ = {
			isa = PBXSourcesBuildPhase;
			buildActionMask = 2147483647;
			files = (
			);
			runOnlyForDeploymentPostprocessing = 0;
		};
		6C7616C32E69B9E60004711E /* Sources */ = {
			isa = PBXSourcesBuildPhase;
			buildActionMask = 2147483647;
			files = (
			);
			runOnlyForDeploymentPostprocessing = 0;
		};
		6C7616CD2E69B9E60004711E /* Sources */ = {
			isa = PBXSourcesBuildPhase;
			buildActionMask = 2147483647;
			files = (
			);
			runOnlyForDeploymentPostprocessing = 0;
		};
		6CFAD3412EE639FB00E4FB1E /* Sources */ = {
			isa = PBXSourcesBuildPhase;
			buildActionMask = 2147483647;
			files = (
			);
			runOnlyForDeploymentPostprocessing = 0;
		};
/* End PBXSourcesBuildPhase section */

/* Begin PBXTargetDependency section */
		6C7616C92E69B9E60004711E /* PBXTargetDependency */ = {
			isa = PBXTargetDependency;
			target = 6C7616B92E69B9E50004711E /* Artsorakel */;
			targetProxy = 6C7616C82E69B9E60004711E /* PBXContainerItemProxy */;
		};
		6C7616D32E69B9E60004711E /* PBXTargetDependency */ = {
			isa = PBXTargetDependency;
			target = 6C7616B92E69B9E50004711E /* Artsorakel */;
			targetProxy = 6C7616D22E69B9E60004711E /* PBXContainerItemProxy */;
		};
		6CFAD34E2EE639FB00E4FB1E /* PBXTargetDependency */ = {
			isa = PBXTargetDependency;
			target = 6CFAD3442EE639FB00E4FB1E /* ShareExtension */;
			targetProxy = 6CFAD34D2EE639FB00E4FB1E /* PBXContainerItemProxy */;
		};
/* End PBXTargetDependency section */

/* Begin XCBuildConfiguration section */
		6C7616D92E69B9E60004711E /* Debug */ = {
			isa = XCBuildConfiguration;
			buildSettings = {
				ALWAYS_SEARCH_USER_PATHS = NO;
				ASSETCATALOG_COMPILER_GENERATE_SWIFT_ASSET_SYMBOL_EXTENSIONS = YES;
				CLANG_ANALYZER_NONNULL = YES;
				CLANG_ANALYZER_NUMBER_OBJECT_CONVERSION = YES_AGGRESSIVE;
				CLANG_CXX_LANGUAGE_STANDARD = "gnu++20";
				CLANG_ENABLE_MODULES = YES;
				CLANG_ENABLE_OBJC_ARC = YES;
				CLANG_ENABLE_OBJC_WEAK = YES;
				CLANG_WARN_BLOCK_CAPTURE_AUTORELEASING = YES;
				CLANG_WARN_BOOL_CONVERSION = YES;
				CLANG_WARN_COMMA = YES;
				CLANG_WARN_CONSTANT_CONVERSION = YES;
				CLANG_WARN_DEPRECATED_OBJC_IMPLEMENTATIONS = YES;
				CLANG_WARN_DIRECT_OBJC_ISA_USAGE = YES_ERROR;
				CLANG_WARN_DOCUMENTATION_COMMENTS = YES;
				CLANG_WARN_EMPTY_BODY = YES;
				CLANG_WARN_ENUM_CONVERSION = YES;
				CLANG_WARN_INFINITE_RECURSION = YES;
				CLANG_WARN_INT_CONVERSION = YES;
				CLANG_WARN_NON_LITERAL_NULL_CONVERSION = YES;
				CLANG_WARN_OBJC_IMPLICIT_RETAIN_SELF = YES;
				CLANG_WARN_OBJC_LITERAL_CONVERSION = YES;
				CLANG_WARN_OBJC_ROOT_CLASS = YES_ERROR;
				CLANG_WARN_QUOTED_INCLUDE_IN_FRAMEWORK_HEADER = YES;
				CLANG_WARN_RANGE_LOOP_ANALYSIS = YES;
				CLANG_WARN_STRICT_PROTOTYPES = YES;
				CLANG_WARN_SUSPICIOUS_MOVE = YES;
				CLANG_WARN_UNGUARDED_AVAILABILITY = YES_AGGRESSIVE;
				CLANG_WARN_UNREACHABLE_CODE = YES;
				CLANG_WARN__DUPLICATE_METHOD_MATCH = YES;
				COPY_PHASE_STRIP = NO;
				DEBUG_INFORMATION_FORMAT = dwarf;
				DEVELOPMENT_TEAM = 6FPZL6H72M;
				ENABLE_STRICT_OBJC_MSGSEND = YES;
				ENABLE_TESTABILITY = YES;
				ENABLE_USER_SCRIPT_SANDBOXING = YES;
				GCC_C_LANGUAGE_STANDARD = gnu17;
				GCC_DYNAMIC_NO_PIC = NO;
				GCC_NO_COMMON_BLOCKS = YES;
				GCC_OPTIMIZATION_LEVEL = 0;
				GCC_PREPROCESSOR_DEFINITIONS = (
					"DEBUG=1",
					"$(inherited)",
				);
				GCC_WARN_64_TO_32_BIT_CONVERSION = YES;
				GCC_WARN_ABOUT_RETURN_TYPE = YES_ERROR;
				GCC_WARN_UNDECLARED_SELECTOR = YES;
				GCC_WARN_UNINITIALIZED_AUTOS = YES_AGGRESSIVE;
				GCC_WARN_UNUSED_FUNCTION = YES;
				GCC_WARN_UNUSED_VARIABLE = YES;
				IPHONEOS_DEPLOYMENT_TARGET = 15.0;
				LOCALIZATION_PREFERS_STRING_CATALOGS = YES;
				MTL_ENABLE_DEBUG_INFO = INCLUDE_SOURCE;
				MTL_FAST_MATH = YES;
				ONLY_ACTIVE_ARCH = YES;
				SDKROOT = iphoneos;
				SWIFT_ACTIVE_COMPILATION_CONDITIONS = "DEBUG $(inherited)";
				SWIFT_OPTIMIZATION_LEVEL = "-Onone";
			};
			name = Debug;
		};
		6C7616DA2E69B9E60004711E /* Release */ = {
			isa = XCBuildConfiguration;
			buildSettings = {
				ALWAYS_SEARCH_USER_PATHS = NO;
				ASSETCATALOG_COMPILER_GENERATE_SWIFT_ASSET_SYMBOL_EXTENSIONS = YES;
				CLANG_ANALYZER_NONNULL = YES;
				CLANG_ANALYZER_NUMBER_OBJECT_CONVERSION = YES_AGGRESSIVE;
				CLANG_CXX_LANGUAGE_STANDARD = "gnu++20";
				CLANG_ENABLE_MODULES = YES;
				CLANG_ENABLE_OBJC_ARC = YES;
				CLANG_ENABLE_OBJC_WEAK = YES;
				CLANG_WARN_BLOCK_CAPTURE_AUTORELEASING = YES;
				CLANG_WARN_BOOL_CONVERSION = YES;
				CLANG_WARN_COMMA = YES;
				CLANG_WARN_CONSTANT_CONVERSION = YES;
				CLANG_WARN_DEPRECATED_OBJC_IMPLEMENTATIONS = YES;
				CLANG_WARN_DIRECT_OBJC_ISA_USAGE = YES_ERROR;
				CLANG_WARN_DOCUMENTATION_COMMENTS = YES;
				CLANG_WARN_EMPTY_BODY = YES;
				CLANG_WARN_ENUM_CONVERSION = YES;
				CLANG_WARN_INFINITE_RECURSION = YES;
				CLANG_WARN_INT_CONVERSION = YES;
				CLANG_WARN_NON_LITERAL_NULL_CONVERSION = YES;
				CLANG_WARN_OBJC_IMPLICIT_RETAIN_SELF = YES;
				CLANG_WARN_OBJC_LITERAL_CONVERSION = YES;
				CLANG_WARN_OBJC_ROOT_CLASS = YES_ERROR;
				CLANG_WARN_QUOTED_INCLUDE_IN_FRAMEWORK_HEADER = YES;
				CLANG_WARN_RANGE_LOOP_ANALYSIS = YES;
				CLANG_WARN_STRICT_PROTOTYPES = YES;
				CLANG_WARN_SUSPICIOUS_MOVE = YES;
				CLANG_WARN_UNGUARDED_AVAILABILITY = YES_AGGRESSIVE;
				CLANG_WARN_UNREACHABLE_CODE = YES;
				CLANG_WARN__DUPLICATE_METHOD_MATCH = YES;
				COPY_PHASE_STRIP = NO;
				DEBUG_INFORMATION_FORMAT = "dwarf-with-dsym";
				DEVELOPMENT_TEAM = 6FPZL6H72M;
				ENABLE_NS_ASSERTIONS = NO;
				ENABLE_STRICT_OBJC_MSGSEND = YES;
				ENABLE_USER_SCRIPT_SANDBOXING = YES;
				GCC_C_LANGUAGE_STANDARD = gnu17;
				GCC_NO_COMMON_BLOCKS = YES;
				GCC_WARN_64_TO_32_BIT_CONVERSION = YES;
				GCC_WARN_ABOUT_RETURN_TYPE = YES_ERROR;
				GCC_WARN_UNDECLARED_SELECTOR = YES;
				GCC_WARN_UNINITIALIZED_AUTOS = YES_AGGRESSIVE;
				GCC_WARN_UNUSED_FUNCTION = YES;
				GCC_WARN_UNUSED_VARIABLE = YES;
				IPHONEOS_DEPLOYMENT_TARGET = 15.0;
				LOCALIZATION_PREFERS_STRING_CATALOGS = YES;
				MTL_ENABLE_DEBUG_INFO = NO;
				MTL_FAST_MATH = YES;
				SDKROOT = iphoneos;
				SWIFT_COMPILATION_MODE = wholemodule;
				VALIDATE_PRODUCT = YES;
			};
			name = Release;
		};
		6C7616DC2E69B9E60004711E /* Debug */ = {
			isa = XCBuildConfiguration;
			buildSettings = {
				ASSETCATALOG_COMPILER_APPICON_NAME = AppIcon;
				ASSETCATALOG_COMPILER_GLOBAL_ACCENT_COLOR_NAME = AccentColor;
				CODE_SIGN_ENTITLEMENTS = Artsorakel/Artsorakel.entitlements;
				CODE_SIGN_STYLE = Automatic;
				CURRENT_PROJECT_VERSION = 1;
				DEVELOPMENT_TEAM = 6FPZL6H72M;
				ENABLE_PREVIEWS = YES;
				GENERATE_INFOPLIST_FILE = NO;
				INFOPLIST_FILE = Info.plist;
				LD_RUNPATH_SEARCH_PATHS = (
					"$(inherited)",
					"@executable_path/Frameworks",
				);
				MARKETING_VERSION = 1.0;
				PRODUCT_BUNDLE_IDENTIFIER = no.artsdatabanken.orakel;
				PRODUCT_NAME = "$(TARGET_NAME)";
				SWIFT_EMIT_LOC_STRINGS = YES;
				SWIFT_VERSION = 5.0;
				TARGETED_DEVICE_FAMILY = "1,2";
			};
			name = Debug;
		};
		6C7616DD2E69B9E60004711E /* Release */ = {
			isa = XCBuildConfiguration;
			buildSettings = {
				ASSETCATALOG_COMPILER_APPICON_NAME = AppIcon;
				ASSETCATALOG_COMPILER_GLOBAL_ACCENT_COLOR_NAME = AccentColor;
				CODE_SIGN_ENTITLEMENTS = Artsorakel/Artsorakel.entitlements;
				CODE_SIGN_STYLE = Automatic;
				CURRENT_PROJECT_VERSION = 1;
				DEVELOPMENT_TEAM = 6FPZL6H72M;
				ENABLE_PREVIEWS = YES;
				GENERATE_INFOPLIST_FILE = NO;
				INFOPLIST_FILE = Info.plist;
				LD_RUNPATH_SEARCH_PATHS = (
					"$(inherited)",
					"@executable_path/Frameworks",
				);
				MARKETING_VERSION = 1.0;
				PRODUCT_BUNDLE_IDENTIFIER = no.artsdatabanken.orakel;
				PRODUCT_NAME = "$(TARGET_NAME)";
				SWIFT_EMIT_LOC_STRINGS = YES;
				SWIFT_VERSION = 5.0;
				TARGETED_DEVICE_FAMILY = "1,2";
			};
			name = Release;
		};
		6C7616DF2E69B9E60004711E /* Debug */ = {
			isa = XCBuildConfiguration;
			buildSettings = {
				BUNDLE_LOADER = "$(TEST_HOST)";
				CODE_SIGN_STYLE = Automatic;
				CURRENT_PROJECT_VERSION = 1;
				DEVELOPMENT_TEAM = 6FPZL6H72M;
				GENERATE_INFOPLIST_FILE = YES;
				IPHONEOS_DEPLOYMENT_TARGET = 15.0;
				MARKETING_VERSION = 1.0;
				PRODUCT_BUNDLE_IDENTIFIER = no.artsdatabanken.ArtsorakelTests;
				PRODUCT_NAME = "$(TARGET_NAME)";
				SWIFT_EMIT_LOC_STRINGS = NO;
				SWIFT_VERSION = 5.0;
				TARGETED_DEVICE_FAMILY = "1,2";
				TEST_HOST = "$(BUILT_PRODUCTS_DIR)/Artsorakel.app/$(BUNDLE_EXECUTABLE_FOLDER_PATH)/Artsorakel";
			};
			name = Debug;
		};
		6C7616E02E69B9E60004711E /* Release */ = {
			isa = XCBuildConfiguration;
			buildSettings = {
				BUNDLE_LOADER = "$(TEST_HOST)";
				CODE_SIGN_STYLE = Automatic;
				CURRENT_PROJECT_VERSION = 1;
				DEVELOPMENT_TEAM = 6FPZL6H72M;
				GENERATE_INFOPLIST_FILE = YES;
				IPHONEOS_DEPLOYMENT_TARGET = 15.0;
				MARKETING_VERSION = 1.0;
				PRODUCT_BUNDLE_IDENTIFIER = no.artsdatabanken.ArtsorakelTests;
				PRODUCT_NAME = "$(TARGET_NAME)";
				SWIFT_EMIT_LOC_STRINGS = NO;
				SWIFT_VERSION = 5.0;
				TARGETED_DEVICE_FAMILY = "1,2";
				TEST_HOST = "$(BUILT_PRODUCTS_DIR)/Artsorakel.app/$(BUNDLE_EXECUTABLE_FOLDER_PATH)/Artsorakel";
			};
			name = Release;
		};
		6C7616E22E69B9E60004711E /* Debug */ = {
			isa = XCBuildConfiguration;
			buildSettings = {
				CODE_SIGN_STYLE = Automatic;
				CURRENT_PROJECT_VERSION = 1;
				DEVELOPMENT_TEAM = 6FPZL6H72M;
				GENERATE_INFOPLIST_FILE = YES;
				MARKETING_VERSION = 1.0;
				PRODUCT_BUNDLE_IDENTIFIER = no.artsdatabanken.ArtsorakelUITests;
				PRODUCT_NAME = "$(TARGET_NAME)";
				SWIFT_EMIT_LOC_STRINGS = NO;
				SWIFT_VERSION = 5.0;
				TARGETED_DEVICE_FAMILY = "1,2";
				TEST_TARGET_NAME = Artsorakel;
			};
			name = Debug;
		};
		6C7616E32E69B9E60004711E /* Release */ = {
			isa = XCBuildConfiguration;
			buildSettings = {
				CODE_SIGN_STYLE = Automatic;
				CURRENT_PROJECT_VERSION = 1;
				DEVELOPMENT_TEAM = 6FPZL6H72M;
				GENERATE_INFOPLIST_FILE = YES;
				MARKETING_VERSION = 1.0;
				PRODUCT_BUNDLE_IDENTIFIER = no.artsdatabanken.ArtsorakelUITests;
				PRODUCT_NAME = "$(TARGET_NAME)";
				SWIFT_EMIT_LOC_STRINGS = NO;
				SWIFT_VERSION = 5.0;
				TARGETED_DEVICE_FAMILY = "1,2";
				TEST_TARGET_NAME = Artsorakel;
			};
			name = Release;
		};
		6CFAD3522EE639FB00E4FB1E /* Debug */ = {
			isa = XCBuildConfiguration;
			buildSettings = {
				CODE_SIGN_ENTITLEMENTS = ShareExtension/ShareExtension.entitlements;
				CODE_SIGN_STYLE = Automatic;
				CURRENT_PROJECT_VERSION = 1;
				DEVELOPMENT_TEAM = 6FPZL6H72M;
				GENERATE_INFOPLIST_FILE = YES;
				INFOPLIST_FILE = ShareExtension/Info.plist;
				INFOPLIST_KEY_CFBundleDisplayName = Artsorakel;
				INFOPLIST_KEY_NSHumanReadableCopyright = "";
				IPHONEOS_DEPLOYMENT_TARGET = 18.5;
				LD_RUNPATH_SEARCH_PATHS = (
					"$(inherited)",
					"@executable_path/Frameworks",
					"@executable_path/../../Frameworks",
				);
				MARKETING_VERSION = 1.0;
				PRODUCT_BUNDLE_IDENTIFIER = no.artsdatabanken.orakel.ShareExtension;
				PRODUCT_NAME = "$(TARGET_NAME)";
				SKIP_INSTALL = YES;
				SWIFT_EMIT_LOC_STRINGS = YES;
				SWIFT_VERSION = 5.0;
				TARGETED_DEVICE_FAMILY = "1,2";
			};
			name = Debug;
		};
		6CFAD3532EE639FB00E4FB1E /* Release */ = {
			isa = XCBuildConfiguration;
			buildSettings = {
				CODE_SIGN_ENTITLEMENTS = ShareExtension/ShareExtension.entitlements;
				CODE_SIGN_STYLE = Automatic;
				CURRENT_PROJECT_VERSION = 1;
				DEVELOPMENT_TEAM = 6FPZL6H72M;
				GENERATE_INFOPLIST_FILE = YES;
				INFOPLIST_FILE = ShareExtension/Info.plist;
				INFOPLIST_KEY_CFBundleDisplayName = Artsorakel;
				INFOPLIST_KEY_NSHumanReadableCopyright = "";
				IPHONEOS_DEPLOYMENT_TARGET = 18.5;
				LD_RUNPATH_SEARCH_PATHS = (
					"$(inherited)",
					"@executable_path/Frameworks",
					"@executable_path/../../Frameworks",
				);
				MARKETING_VERSION = 1.0;
				PRODUCT_BUNDLE_IDENTIFIER = no.artsdatabanken.orakel.ShareExtension;
				PRODUCT_NAME = "$(TARGET_NAME)";
				SKIP_INSTALL = YES;
				SWIFT_EMIT_LOC_STRINGS = YES;
				SWIFT_VERSION = 5.0;
				TARGETED_DEVICE_FAMILY = "1,2";
			};
			name = Release;
		};
/* End XCBuildConfiguration section */

/* Begin XCConfigurationList section */
		6C7616B52E69B9E50004711E /* Build configuration list for PBXProject "Artsorakel" */ = {
			isa = XCConfigurationList;
			buildConfigurations = (
				6C7616D92E69B9E60004711E /* Debug */,
				6C7616DA2E69B9E60004711E /* Release */,
			);
			defaultConfigurationIsVisible = 0;
			defaultConfigurationName = Release;
		};
		6C7616DB2E69B9E60004711E /* Build configuration list for PBXNativeTarget "Artsorakel" */ = {
			isa = XCConfigurationList;
			buildConfigurations = (
				6C7616DC2E69B9E60004711E /* Debug */,
				6C7616DD2E69B9E60004711E /* Release */,
			);
			defaultConfigurationIsVisible = 0;
			defaultConfigurationName = Release;
		};
		6C7616DE2E69B9E60004711E /* Build configuration list for PBXNativeTarget "ArtsorakelTests" */ = {
			isa = XCConfigurationList;
			buildConfigurations = (
				6C7616DF2E69B9E60004711E /* Debug */,
				6C7616E02E69B9E60004711E /* Release */,
			);
			defaultConfigurationIsVisible = 0;
			defaultConfigurationName = Release;
		};
		6C7616E12E69B9E60004711E /* Build configuration list for PBXNativeTarget "ArtsorakelUITests" */ = {
			isa = XCConfigurationList;
			buildConfigurations = (
				6C7616E22E69B9E60004711E /* Debug */,
				6C7616E32E69B9E60004711E /* Release */,
			);
			defaultConfigurationIsVisible = 0;
			defaultConfigurationName = Release;
		};
		6CFAD3512EE639FB00E4FB1E /* Build configuration list for PBXNativeTarget "ShareExtension" */ = {
			isa = XCConfigurationList;
			buildConfigurations = (
				6CFAD3522EE639FB00E4FB1E /* Debug */,
				6CFAD3532EE639FB00E4FB1E /* Release */,
			);
			defaultConfigurationIsVisible = 0;
			defaultConfigurationName = Release;
		};
/* End XCConfigurationList section */
	};
	rootObject = 6C7616B22E69B9E50004711E /* Project object */;
}
